
Microsoft Visual Studio Solution File, Format Version 12.00
# Visual Studio Version 16
VisualStudioVersion = 16.0.29102.190
MinimumVisualStudioVersion = 10.0.40219.1
Project("{FAE04EC0-301F-11D3-BF4B-00C04F79EFBC}") = "HeroesProject", "HeroesProject\HeroesProject.csproj", "{54959EA8-46C9-4129-BAD3-236A7383C509}"
EndProject
Global
	GlobalSection(SolutionConfigurationPlatforms) = preSolution
		Debug|Any CPU = Debug|Any CPU
		Release|Any CPU = Release|Any CPU
	EndGlobalSection
	GlobalSection(ProjectConfigurationPlatforms) = postSolution
		{54959EA8-46C9-4129-BAD3-236A7383C509}.Debug|Any CPU.ActiveCfg = Debug|Any CPU
		{54959EA8-46C9-4129-BAD3-236A7383C509}.Debug|Any CPU.Build.0 = Debug|Any CPU
		{54959EA8-46C9-4129-BAD3-236A7383C509}.Release|Any CPU.ActiveCfg = Release|Any CPU
		{54959EA8-46C9-4129-BAD3-236A7383C509}.Release|Any CPU.Build.0 = Release|Any CPU
	EndGlobalSection
	GlobalSection(SolutionProperties) = preSolution
		HideSolutionNode = FALSE
	EndGlobalSection
	GlobalSection(ExtensibilityGlobals) = postSolution
		SolutionGuid = {7F635574-8924-467A-8A98-2BE62D6415A9}
	EndGlobalSection
EndGlobal
